
Microsoft Visual Studio Solution File, Format Version 12.00
# Visual Studio Version 16
VisualStudioVersion = 16.0.30503.244
MinimumVisualStudioVersion = 10.0.40219.1
Project("{FAE04EC0-301F-11D3-BF4B-00C04F79EFBC}") = "UIMensajeria", "UIMensajeria\UIMensajeria.csproj", "{1E3BE0E6-AE5F-4A08-97DC-B9119653AE1C}"
EndProject
Project("{FAE04EC0-301F-11D3-BF4B-00C04F79EFBC}") = "Modelos_y_ConexionDB", "Modelos_y_ConexionDB\Modelos_y_ConexionDB.csproj", "{24DF086F-77CA-471A-B819-BFCDB5A0F0DB}"
EndProject
Project("{FAE04EC0-301F-11D3-BF4B-00C04F79EFBC}") = "TestUnitarios", "TestUnitarios\TestUnitarios.csproj", "{4C457F37-DBA3-4EBA-A46E-BD10AB810E08}"
EndProject
Global
	GlobalSection(SolutionConfigurationPlatforms) = preSolution
		Debug|Any CPU = Debug|Any CPU
		Release|Any CPU = Release|Any CPU
	EndGlobalSection
	GlobalSection(ProjectConfigurationPlatforms) = postSolution
		{1E3BE0E6-AE5F-4A08-97DC-B9119653AE1C}.Debug|Any CPU.ActiveCfg = Debug|Any CPU
		{1E3BE0E6-AE5F-4A08-97DC-B9119653AE1C}.Debug|Any CPU.Build.0 = Debug|Any CPU
		{1E3BE0E6-AE5F-4A08-97DC-B9119653AE1C}.Release|Any CPU.ActiveCfg = Release|Any CPU
		{1E3BE0E6-AE5F-4A08-97DC-B9119653AE1C}.Release|Any CPU.Build.0 = Release|Any CPU
		{24DF086F-77CA-471A-B819-BFCDB5A0F0DB}.Debug|Any CPU.ActiveCfg = Debug|Any CPU
		{24DF086F-77CA-471A-B819-BFCDB5A0F0DB}.Debug|Any CPU.Build.0 = Debug|Any CPU
		{24DF086F-77CA-471A-B819-BFCDB5A0F0DB}.Release|Any CPU.ActiveCfg = Release|Any CPU
		{24DF086F-77CA-471A-B819-BFCDB5A0F0DB}.Release|Any CPU.Build.0 = Release|Any CPU
		{4C457F37-DBA3-4EBA-A46E-BD10AB810E08}.Debug|Any CPU.ActiveCfg = Debug|Any CPU
		{4C457F37-DBA3-4EBA-A46E-BD10AB810E08}.Debug|Any CPU.Build.0 = Debug|Any CPU
		{4C457F37-DBA3-4EBA-A46E-BD10AB810E08}.Release|Any CPU.ActiveCfg = Release|Any CPU
		{4C457F37-DBA3-4EBA-A46E-BD10AB810E08}.Release|Any CPU.Build.0 = Release|Any CPU
	EndGlobalSection
	GlobalSection(SolutionProperties) = preSolution
		HideSolutionNode = FALSE
	EndGlobalSection
	GlobalSection(ExtensibilityGlobals) = postSolution
		SolutionGuid = {0269FE12-8BA0-4E3D-8132-24DA6DD3C447}
	EndGlobalSection
EndGlobal
